
Microsoft Visual Studio Solution File, Format Version 12.00
# Visual Studio Version 16
VisualStudioVersion = 16.0.29001.49
MinimumVisualStudioVersion = 10.0.40219.1
Project("{9A19103F-16F7-4668-BE54-9A1E7A4F7556}") = "CodeTalk", "CodeTalk\CodeTalk.csproj", "{C0D439B6-25EB-4432-BACA-1A9C9F283C95}"
EndProject
Project("{FAE04EC0-301F-11D3-BF4B-00C04F79EFBC}") = "CodeTalkTests", "CodeTalkTests\CodeTalkTests.csproj", "{3B8E7D71-7BBB-42EB-BE7A-7DDFB20787F6}"
EndProject
Global
	GlobalSection(SolutionConfigurationPlatforms) = preSolution
		Debug|Any CPU = Debug|Any CPU
		Release|Any CPU = Release|Any CPU
	EndGlobalSection
	GlobalSection(ProjectConfigurationPlatforms) = postSolution
		{C0D439B6-25EB-4432-BACA-1A9C9F283C95}.Debug|Any CPU.ActiveCfg = Debug|Any CPU
		{C0D439B6-25EB-4432-BACA-1A9C9F283C95}.Debug|Any CPU.Build.0 = Debug|Any CPU
		{C0D439B6-25EB-4432-BACA-1A9C9F283C95}.Release|Any CPU.ActiveCfg = Release|Any CPU
		{C0D439B6-25EB-4432-BACA-1A9C9F283C95}.Release|Any CPU.Build.0 = Release|Any CPU
		{3B8E7D71-7BBB-42EB-BE7A-7DDFB20787F6}.Debug|Any CPU.ActiveCfg = Debug|Any CPU
		{3B8E7D71-7BBB-42EB-BE7A-7DDFB20787F6}.Debug|Any CPU.Build.0 = Debug|Any CPU
		{3B8E7D71-7BBB-42EB-BE7A-7DDFB20787F6}.Release|Any CPU.ActiveCfg = Release|Any CPU
		{3B8E7D71-7BBB-42EB-BE7A-7DDFB20787F6}.Release|Any CPU.Build.0 = Release|Any CPU
	EndGlobalSection
	GlobalSection(SolutionProperties) = preSolution
		HideSolutionNode = FALSE
	EndGlobalSection
	GlobalSection(ExtensibilityGlobals) = postSolution
		SolutionGuid = {A1659B27-4F1C-4B4D-AF00-8C8EC7B714E2}
	EndGlobalSection
EndGlobal
